
Microsoft Visual Studio Solution File, Format Version 12.00
# Visual Studio Version 17
VisualStudioVersion = 17.5.33516.290
MinimumVisualStudioVersion = 10.0.40219.1
Project("{2150E333-8FDC-42A3-9474-1A3956D46DE8}") = ".docs", ".docs", "{B845830E-5AE2-4A27-A2DC-15DDAD123BB7}"
	ProjectSection(SolutionItems) = preProject
		LICENSE = LICENSE
		README.md = README.md
	EndProjectSection
EndProject
Project("{2150E333-8FDC-42A3-9474-1A3956D46DE8}") = "wiki", "wiki", "{D78A0114-75B5-429F-8DD4-A2A0EEA857BE}"
	ProjectSection(SolutionItems) = preProject
		docs\wiki\Home.md = docs\wiki\Home.md
	EndProjectSection
EndProject
Project("{2150E333-8FDC-42A3-9474-1A3956D46DE8}") = "client", "client", "{056335BC-C3C8-4EB2-86A8-456CED4C397F}"
EndProject
Project("{2150E333-8FDC-42A3-9474-1A3956D46DE8}") = "shared", "shared", "{F21E93CB-5BDC-472F-AB5E-AD75417DB4D6}"
EndProject
Project("{2150E333-8FDC-42A3-9474-1A3956D46DE8}") = "server", "server", "{06346086-64D6-4B11-97A6-48655A5DA994}"
EndProject
Project("{2150E333-8FDC-42A3-9474-1A3956D46DE8}") = ".solution", ".solution", "{F2746661-7DA5-4CF2-99A8-8FD5D8E609FF}"
	ProjectSection(SolutionItems) = preProject
		.editorconfig = .editorconfig
		.gitattributes = .gitattributes
		.gitignore = .gitignore
		.gitmodules = .gitmodules
	EndProjectSection
EndProject
Project("{9A19103F-16F7-4668-BE54-9A1E7A4F7556}") = "ExampleGame", "src\client\ExampleGame\ExampleGame.csproj", "{613BE662-A1C5-4DEA-B124-EE0615BEE933}"
EndProject
Project("{9A19103F-16F7-4668-BE54-9A1E7A4F7556}") = "tws.game.client", "src\client\tws.game.client\tws.game.client.csproj", "{25024946-45D5-4087-997A-B77E0DA244CA}"
EndProject
Project("{9A19103F-16F7-4668-BE54-9A1E7A4F7556}") = "tws.server.auth", "src\server\tws.server.auth\tws.server.auth.csproj", "{8979FD79-A455-41BE-89CC-CE274DBA931B}"
EndProject
Project("{9A19103F-16F7-4668-BE54-9A1E7A4F7556}") = "tws.server.master", "src\server\tws.server.master\tws.server.master.csproj", "{0C230DCC-5B53-4DDC-A5DE-949E82ECB5E7}"
EndProject
Project("{9A19103F-16F7-4668-BE54-9A1E7A4F7556}") = "tws.server.shard", "src\server\tws.server.shard\tws.server.shard.csproj", "{D2B136F6-C17E-46A3-A253-C342790CD90C}"
EndProject
Project("{9A19103F-16F7-4668-BE54-9A1E7A4F7556}") = "tws.server.world", "src\server\tws.server.world\tws.server.world.csproj", "{189375BE-738F-4E65-ACAF-4D8E1A678A86}"
EndProject
Project("{9A19103F-16F7-4668-BE54-9A1E7A4F7556}") = "tws.game", "src\shared\tws.game\tws.game.csproj", "{83620A01-B439-4C7D-87A0-918770C9191D}"
EndProject
Project("{9A19103F-16F7-4668-BE54-9A1E7A4F7556}") = "tws.game.lib", "src\shared\tws.game.lib\tws.game.lib.csproj", "{072F1FD6-5CA4-489F-9DEB-B4F7B4099286}"
EndProject
Project("{2150E333-8FDC-42A3-9474-1A3956D46DE8}") = "assets", "assets", "{40396300-48E9-4330-ADF5-6A7B46E9876A}"
EndProject
Global
	GlobalSection(SolutionConfigurationPlatforms) = preSolution
		Debug|Any CPU = Debug|Any CPU
		Release|Any CPU = Release|Any CPU
	EndGlobalSection
	GlobalSection(ProjectConfigurationPlatforms) = postSolution
		{613BE662-A1C5-4DEA-B124-EE0615BEE933}.Debug|Any CPU.ActiveCfg = Debug|Any CPU
		{613BE662-A1C5-4DEA-B124-EE0615BEE933}.Debug|Any CPU.Build.0 = Debug|Any CPU
		{613BE662-A1C5-4DEA-B124-EE0615BEE933}.Release|Any CPU.ActiveCfg = Release|Any CPU
		{613BE662-A1C5-4DEA-B124-EE0615BEE933}.Release|Any CPU.Build.0 = Release|Any CPU
		{25024946-45D5-4087-997A-B77E0DA244CA}.Debug|Any CPU.ActiveCfg = Debug|Any CPU
		{25024946-45D5-4087-997A-B77E0DA244CA}.Debug|Any CPU.Build.0 = Debug|Any CPU
		{25024946-45D5-4087-997A-B77E0DA244CA}.Release|Any CPU.ActiveCfg = Release|Any CPU
		{25024946-45D5-4087-997A-B77E0DA244CA}.Release|Any CPU.Build.0 = Release|Any CPU
		{8979FD79-A455-41BE-89CC-CE274DBA931B}.Debug|Any CPU.ActiveCfg = Debug|Any CPU
		{8979FD79-A455-41BE-89CC-CE274DBA931B}.Debug|Any CPU.Build.0 = Debug|Any CPU
		{8979FD79-A455-41BE-89CC-CE274DBA931B}.Release|Any CPU.ActiveCfg = Release|Any CPU
		{8979FD79-A455-41BE-89CC-CE274DBA931B}.Release|Any CPU.Build.0 = Release|Any CPU
		{0C230DCC-5B53-4DDC-A5DE-949E82ECB5E7}.Debug|Any CPU.ActiveCfg = Debug|Any CPU
		{0C230DCC-5B53-4DDC-A5DE-949E82ECB5E7}.Debug|Any CPU.Build.0 = Debug|Any CPU
		{0C230DCC-5B53-4DDC-A5DE-949E82ECB5E7}.Release|Any CPU.ActiveCfg = Release|Any CPU
		{0C230DCC-5B53-4DDC-A5DE-949E82ECB5E7}.Release|Any CPU.Build.0 = Release|Any CPU
		{D2B136F6-C17E-46A3-A253-C342790CD90C}.Debug|Any CPU.ActiveCfg = Debug|Any CPU
		{D2B136F6-C17E-46A3-A253-C342790CD90C}.Debug|Any CPU.Build.0 = Debug|Any CPU
		{D2B136F6-C17E-46A3-A253-C342790CD90C}.Release|Any CPU.ActiveCfg = Release|Any CPU
		{D2B136F6-C17E-46A3-A253-C342790CD90C}.Release|Any CPU.Build.0 = Release|Any CPU
		{189375BE-738F-4E65-ACAF-4D8E1A678A86}.Debug|Any CPU.ActiveCfg = Debug|Any CPU
		{189375BE-738F-4E65-ACAF-4D8E1A678A86}.Debug|Any CPU.Build.0 = Debug|Any CPU
		{189375BE-738F-4E65-ACAF-4D8E1A678A86}.Release|Any CPU.ActiveCfg = Release|Any CPU
		{189375BE-738F-4E65-ACAF-4D8E1A678A86}.Release|Any CPU.Build.0 = Release|Any CPU
		{83620A01-B439-4C7D-87A0-918770C9191D}.Debug|Any CPU.ActiveCfg = Debug|Any CPU
		{83620A01-B439-4C7D-87A0-918770C9191D}.Debug|Any CPU.Build.0 = Debug|Any CPU
		{83620A01-B439-4C7D-87A0-918770C9191D}.Release|Any CPU.ActiveCfg = Release|Any CPU
		{83620A01-B439-4C7D-87A0-918770C9191D}.Release|Any CPU.Build.0 = Release|Any CPU
		{072F1FD6-5CA4-489F-9DEB-B4F7B4099286}.Debug|Any CPU.ActiveCfg = Debug|Any CPU
		{072F1FD6-5CA4-489F-9DEB-B4F7B4099286}.Debug|Any CPU.Build.0 = Debug|Any CPU
		{072F1FD6-5CA4-489F-9DEB-B4F7B4099286}.Release|Any CPU.ActiveCfg = Release|Any CPU
		{072F1FD6-5CA4-489F-9DEB-B4F7B4099286}.Release|Any CPU.Build.0 = Release|Any CPU
	EndGlobalSection
	GlobalSection(SolutionProperties) = preSolution
		HideSolutionNode = FALSE
	EndGlobalSection
	GlobalSection(NestedProjects) = preSolution
		{D78A0114-75B5-429F-8DD4-A2A0EEA857BE} = {B845830E-5AE2-4A27-A2DC-15DDAD123BB7}
		{613BE662-A1C5-4DEA-B124-EE0615BEE933} = {056335BC-C3C8-4EB2-86A8-456CED4C397F}
		{25024946-45D5-4087-997A-B77E0DA244CA} = {056335BC-C3C8-4EB2-86A8-456CED4C397F}
		{8979FD79-A455-41BE-89CC-CE274DBA931B} = {06346086-64D6-4B11-97A6-48655A5DA994}
		{0C230DCC-5B53-4DDC-A5DE-949E82ECB5E7} = {06346086-64D6-4B11-97A6-48655A5DA994}
		{D2B136F6-C17E-46A3-A253-C342790CD90C} = {06346086-64D6-4B11-97A6-48655A5DA994}
		{189375BE-738F-4E65-ACAF-4D8E1A678A86} = {06346086-64D6-4B11-97A6-48655A5DA994}
		{83620A01-B439-4C7D-87A0-918770C9191D} = {F21E93CB-5BDC-472F-AB5E-AD75417DB4D6}
		{072F1FD6-5CA4-489F-9DEB-B4F7B4099286} = {F21E93CB-5BDC-472F-AB5E-AD75417DB4D6}
	EndGlobalSection
	GlobalSection(ExtensibilityGlobals) = postSolution
		SolutionGuid = {C39D30FF-0D7C-4588-BB2A-7E4E06F1EADD}
	EndGlobalSection
EndGlobal
