<?xml version="1.0" encoding="utf-8"?>
<Project ToolsVersion="4.0" xmlns="http://schemas.microsoft.com/developer/msbuild/2003">
  <ItemGroup>
    <ClInclude Include="win32\common.h">
      <Filter>win32</Filter>
    </ClInclude>
    <ClInclude Include="common.h" />
    <ClInclude Include="win32\targetver.h">
      <Filter>win32</Filter>
    </ClInclude>
    <ClInclude Include="tws-networking.h" />
  </ItemGroup>
  <ItemGroup>
    <ClCompile Include="win32\dllmain.cpp">
      <Filter>win32</Filter>
    </ClCompile>
    <ClCompile Include="tws-networking.cpp" />
  </ItemGroup>
  <ItemGroup>
    <Filter Include="win32">
      <UniqueIdentifier>{f1d21e2e-ef40-45b8-aad8-4107ca2a7623}</UniqueIdentifier>
    </Filter>
    <Filter Include="api">
      <UniqueIdentifier>{9508c9b1-a3f7-4e04-adfd-4c9c66039f84}</UniqueIdentifier>
    </Filter>
  </ItemGroup>
</Project>